
Microsoft Visual Studio Solution File, Format Version 12.00
# Visual Studio Version 16
VisualStudioVersion = 16.0.30011.22
MinimumVisualStudioVersion = 10.0.40219.1
Project("{FAE04EC0-301F-11D3-BF4B-00C04F79EFBC}") = "RazorPagesMovie", "RazorPagesMovie\RazorPagesMovie.csproj", "{FD121845-38F3-4AAF-B82F-BD782DAFE025}"
EndProject
Global
	GlobalSection(SolutionConfigurationPlatforms) = preSolution
		Debug|Any CPU = Debug|Any CPU
		Release|Any CPU = Release|Any CPU
	EndGlobalSection
	GlobalSection(ProjectConfigurationPlatforms) = postSolution
		{FD121845-38F3-4AAF-B82F-BD782DAFE025}.Debug|Any CPU.ActiveCfg = Debug|Any CPU
		{FD121845-38F3-4AAF-B82F-BD782DAFE025}.Debug|Any CPU.Build.0 = Debug|Any CPU
		{FD121845-38F3-4AAF-B82F-BD782DAFE025}.Release|Any CPU.ActiveCfg = Release|Any CPU
		{FD121845-38F3-4AAF-B82F-BD782DAFE025}.Release|Any CPU.Build.0 = Release|Any CPU
	EndGlobalSection
	GlobalSection(SolutionProperties) = preSolution
		HideSolutionNode = FALSE
	EndGlobalSection
	GlobalSection(ExtensibilityGlobals) = postSolution
		SolutionGuid = {D8EDBEE5-8231-4477-A5CB-78FEBD60CC60}
	EndGlobalSection
EndGlobal
